
Microsoft Visual Studio Solution File, Format Version 12.00
# Visual Studio Version 16
VisualStudioVersion = 16.0.29613.14
MinimumVisualStudioVersion = 10.0.40219.1
Project("{FAE04EC0-301F-11D3-BF4B-00C04F79EFBC}") = "WpfAppIntroduction", "WpfAppIntroduction\WpfAppIntroduction.csproj", "{3BACDE1C-6C4C-4B78-B780-36CEBDBFBA10}"
EndProject
Project("{FAE04EC0-301F-11D3-BF4B-00C04F79EFBC}") = "WpfAppIntroduction.Core", "WpfAppIntroduction.Core\WpfAppIntroduction.Core.csproj", "{6048AE39-C08E-4140-8066-3EDFEA1D6136}"
EndProject
Project("{FAE04EC0-301F-11D3-BF4B-00C04F79EFBC}") = "WpfAppIntroduction.String", "WpfAppIntroduction.String\WpfAppIntroduction.String.csproj", "{CD1CF778-6D13-47F1-B56B-F76DDC12A9FA}"
EndProject
Global
	GlobalSection(SolutionConfigurationPlatforms) = preSolution
		Debug|Any CPU = Debug|Any CPU
		Release|Any CPU = Release|Any CPU
	EndGlobalSection
	GlobalSection(ProjectConfigurationPlatforms) = postSolution
		{3BACDE1C-6C4C-4B78-B780-36CEBDBFBA10}.Debug|Any CPU.ActiveCfg = Debug|Any CPU
		{3BACDE1C-6C4C-4B78-B780-36CEBDBFBA10}.Debug|Any CPU.Build.0 = Debug|Any CPU
		{3BACDE1C-6C4C-4B78-B780-36CEBDBFBA10}.Release|Any CPU.ActiveCfg = Release|Any CPU
		{3BACDE1C-6C4C-4B78-B780-36CEBDBFBA10}.Release|Any CPU.Build.0 = Release|Any CPU
		{6048AE39-C08E-4140-8066-3EDFEA1D6136}.Debug|Any CPU.ActiveCfg = Debug|Any CPU
		{6048AE39-C08E-4140-8066-3EDFEA1D6136}.Debug|Any CPU.Build.0 = Debug|Any CPU
		{6048AE39-C08E-4140-8066-3EDFEA1D6136}.Release|Any CPU.ActiveCfg = Release|Any CPU
		{6048AE39-C08E-4140-8066-3EDFEA1D6136}.Release|Any CPU.Build.0 = Release|Any CPU
		{CD1CF778-6D13-47F1-B56B-F76DDC12A9FA}.Debug|Any CPU.ActiveCfg = Debug|Any CPU
		{CD1CF778-6D13-47F1-B56B-F76DDC12A9FA}.Debug|Any CPU.Build.0 = Debug|Any CPU
		{CD1CF778-6D13-47F1-B56B-F76DDC12A9FA}.Release|Any CPU.ActiveCfg = Release|Any CPU
		{CD1CF778-6D13-47F1-B56B-F76DDC12A9FA}.Release|Any CPU.Build.0 = Release|Any CPU
	EndGlobalSection
	GlobalSection(SolutionProperties) = preSolution
		HideSolutionNode = FALSE
	EndGlobalSection
	GlobalSection(ExtensibilityGlobals) = postSolution
		SolutionGuid = {55D60E89-8C99-4109-A746-D321CE8D89B2}
	EndGlobalSection
EndGlobal
